
Microsoft Visual Studio Solution File, Format Version 12.00
# Visual Studio Version 17
VisualStudioVersion = 17.3.32929.385
MinimumVisualStudioVersion = 10.0.40219.1
Project("{FAE04EC0-301F-11D3-BF4B-00C04F79EFBC}") = "miniTerminalSim", "miniTerminalSim\miniTerminalSim.csproj", "{9A9BA776-2D08-4016-8CB9-55FB5FBB28BA}"
EndProject
Global
	GlobalSection(SolutionConfigurationPlatforms) = preSolution
		Debug|Any CPU = Debug|Any CPU
		Release|Any CPU = Release|Any CPU
	EndGlobalSection
	GlobalSection(ProjectConfigurationPlatforms) = postSolution
		{9A9BA776-2D08-4016-8CB9-55FB5FBB28BA}.Debug|Any CPU.ActiveCfg = Debug|Any CPU
		{9A9BA776-2D08-4016-8CB9-55FB5FBB28BA}.Debug|Any CPU.Build.0 = Debug|Any CPU
		{9A9BA776-2D08-4016-8CB9-55FB5FBB28BA}.Release|Any CPU.ActiveCfg = Release|Any CPU
		{9A9BA776-2D08-4016-8CB9-55FB5FBB28BA}.Release|Any CPU.Build.0 = Release|Any CPU
	EndGlobalSection
	GlobalSection(SolutionProperties) = preSolution
		HideSolutionNode = FALSE
	EndGlobalSection
	GlobalSection(ExtensibilityGlobals) = postSolution
		SolutionGuid = {9E17C7C5-DF93-41ED-BEC8-E00623CBF448}
	EndGlobalSection
EndGlobal
